
Microsoft Visual Studio Solution File, Format Version 12.00
# Visual Studio Version 17
VisualStudioVersion = 17.11.35222.181
MinimumVisualStudioVersion = 10.0.40219.1
Project("{FAE04EC0-301F-11D3-BF4B-00C04F79EFBC}") = "HabitTracker", "HabitTracker\HabitTracker.csproj", "{8A14065D-28B4-46D6-90DF-88D9E5133C9D}"
EndProject
Global
	GlobalSection(SolutionConfigurationPlatforms) = preSolution
		Debug|Any CPU = Debug|Any CPU
		Release|Any CPU = Release|Any CPU
	EndGlobalSection
	GlobalSection(ProjectConfigurationPlatforms) = postSolution
		{8A14065D-28B4-46D6-90DF-88D9E5133C9D}.Debug|Any CPU.ActiveCfg = Debug|Any CPU
		{8A14065D-28B4-46D6-90DF-88D9E5133C9D}.Debug|Any CPU.Build.0 = Debug|Any CPU
		{8A14065D-28B4-46D6-90DF-88D9E5133C9D}.Release|Any CPU.ActiveCfg = Release|Any CPU
		{8A14065D-28B4-46D6-90DF-88D9E5133C9D}.Release|Any CPU.Build.0 = Release|Any CPU
	EndGlobalSection
	GlobalSection(SolutionProperties) = preSolution
		HideSolutionNode = FALSE
	EndGlobalSection
	GlobalSection(ExtensibilityGlobals) = postSolution
		SolutionGuid = {B7A25BFB-66C5-4C99-8BC0-9A5091DAF4D3}
	EndGlobalSection
EndGlobal
